%{
  "floki": {:hex, :floki, "0.32.1", "dfe3b8db3b793939c264e6f785bca01753d17318d144bd44b407fb3493acaa87", [:mix], [{:html_entities, "~> 0.5.0", [hex: :html_entities, repo: "hexpm", optional: false]}], "hexpm", "d4b91c713e4a784a3f7b1e3cc016eefc619f6b1c3898464222867cafd3c681a3"},
  "html_entities": {:hex, :html_entities, "0.5.2", "9e47e70598da7de2a9ff6af8758399251db6dbb7eebe2b013f2bbd2515895c3c", [:mix], [], "hexpm", "c53ba390403485615623b9531e97696f076ed415e8d8058b1dbaa28181f4fdcc"},
}
